
Microsoft Visual Studio Solution File, Format Version 12.00
# Visual Studio Version 17
VisualStudioVersion = 17.0.31903.59
MinimumVisualStudioVersion = 10.0.40219.1
Project("{2150E333-8FDC-42A3-9474-1A3956D46DE8}") = "Src", "Src", "{66586E66-5E06-4C47-A9A6-C8699E2C32D7}"
EndProject
Project("{2150E333-8FDC-42A3-9474-1A3956D46DE8}") = "BuildingBlocks", "BuildingBlocks", "{51BD42C3-88A6-4497-9932-6DF6D72FC6AB}"
EndProject
Project("{2150E333-8FDC-42A3-9474-1A3956D46DE8}") = "Services", "Services", "{EE793879-F8B5-47D2-BF2B-1D8873EFE316}"
EndProject
Project("{2150E333-8FDC-42A3-9474-1A3956D46DE8}") = "IdentityService", "IdentityService", "{5C27D980-30E0-4426-B934-4AEA4C4758A7}"
EndProject
Project("{9A19103F-16F7-4668-BE54-9A1E7A4F7556}") = "IdentityService", "Src\Services\IdentityService\IdentityService\IdentityService.csproj", "{BA68C2A9-A160-4602-811A-0CF8F95E8E6B}"
EndProject
Project("{2150E333-8FDC-42A3-9474-1A3956D46DE8}") = "BasketService", "BasketService", "{E42FFEB2-9B4B-423F-85ED-9B630AC7AEF1}"
EndProject
Project("{9A19103F-16F7-4668-BE54-9A1E7A4F7556}") = "BasketService", "Src\Services\BasketService\BasketService\BasketService.csproj", "{0A206318-587E-4CAB-9D0A-BB77352E7C07}"
EndProject
Project("{2150E333-8FDC-42A3-9474-1A3956D46DE8}") = "ProductService", "ProductService", "{868BF3E5-17D9-494B-8576-65882D21E800}"
EndProject
Project("{2150E333-8FDC-42A3-9474-1A3956D46DE8}") = "EventBus", "EventBus", "{E313509E-C5C8-428F-AFBC-5335F70B7B66}"
EndProject
Project("{9A19103F-16F7-4668-BE54-9A1E7A4F7556}") = "EventBus.Base", "Src\BuildingBlocks\EventBus\EventBus.Base\EventBus.Base.csproj", "{45A0F8BF-446C-4F77-8B42-3F4FB8F8978E}"
EndProject
Project("{9A19103F-16F7-4668-BE54-9A1E7A4F7556}") = "EventBus.Manager", "Src\BuildingBlocks\EventBus\EventBus.Manager\EventBus.Manager.csproj", "{E4AE28CF-C6CA-4EBE-9C71-0519CB64EDDE}"
EndProject
Project("{9A19103F-16F7-4668-BE54-9A1E7A4F7556}") = "EventBus.RabbitMq", "Src\BuildingBlocks\EventBus\EventBus.RabbitMQ\EventBus.RabbitMq\EventBus.RabbitMq.csproj", "{0B0C55E8-8BD7-4FC3-8BC9-E905F69EA3B0}"
EndProject
Project("{2150E333-8FDC-42A3-9474-1A3956D46DE8}") = "Core", "Core", "{E82ED88F-959E-41C7-8CBA-D77731C2B3E9}"
EndProject
Project("{2150E333-8FDC-42A3-9474-1A3956D46DE8}") = "Infrastructure", "Infrastructure", "{C3F2D8CD-A1EF-4AE4-874B-4DCED70B9A44}"
EndProject
Project("{2150E333-8FDC-42A3-9474-1A3956D46DE8}") = "Presentation", "Presentation", "{493D31EE-709B-49F5-8C7C-80A6D1A6201D}"
EndProject
Project("{FAE04EC0-301F-11D3-BF4B-00C04F79EFBC}") = "Product.Domain", "Src\Services\ProductService\ProductService.Core\Product.Domain\Product.Domain.csproj", "{68E3ADE6-2F99-4562-B9B2-E90212ED1EEE}"
EndProject
Project("{FAE04EC0-301F-11D3-BF4B-00C04F79EFBC}") = "Product.Application", "Src\Services\ProductService\ProductService.Core\Product.Application\Product.Application.csproj", "{75977815-4D00-485E-B259-6997D9F97334}"
EndProject
Project("{FAE04EC0-301F-11D3-BF4B-00C04F79EFBC}") = "Product.Persistance", "Src\Services\ProductService\ProductService.Infrastructure\Product.Persistance\Product.Persistance.csproj", "{AA37C2B7-552C-4653-B38B-0645C386044B}"
EndProject
Project("{FAE04EC0-301F-11D3-BF4B-00C04F79EFBC}") = "Product.Api", "Src\Services\ProductService\ProductService.Presentation\ProductService.Api\Product.Api.csproj", "{9840A36D-DB8C-4357-BC13-F7A31BF583F2}"
EndProject
Global
	GlobalSection(SolutionConfigurationPlatforms) = preSolution
		Debug|Any CPU = Debug|Any CPU
		Release|Any CPU = Release|Any CPU
	EndGlobalSection
	GlobalSection(ProjectConfigurationPlatforms) = postSolution
		{BA68C2A9-A160-4602-811A-0CF8F95E8E6B}.Debug|Any CPU.ActiveCfg = Debug|Any CPU
		{BA68C2A9-A160-4602-811A-0CF8F95E8E6B}.Debug|Any CPU.Build.0 = Debug|Any CPU
		{BA68C2A9-A160-4602-811A-0CF8F95E8E6B}.Release|Any CPU.ActiveCfg = Release|Any CPU
		{BA68C2A9-A160-4602-811A-0CF8F95E8E6B}.Release|Any CPU.Build.0 = Release|Any CPU
		{0A206318-587E-4CAB-9D0A-BB77352E7C07}.Debug|Any CPU.ActiveCfg = Debug|Any CPU
		{0A206318-587E-4CAB-9D0A-BB77352E7C07}.Debug|Any CPU.Build.0 = Debug|Any CPU
		{0A206318-587E-4CAB-9D0A-BB77352E7C07}.Release|Any CPU.ActiveCfg = Release|Any CPU
		{0A206318-587E-4CAB-9D0A-BB77352E7C07}.Release|Any CPU.Build.0 = Release|Any CPU
		{45A0F8BF-446C-4F77-8B42-3F4FB8F8978E}.Debug|Any CPU.ActiveCfg = Debug|Any CPU
		{45A0F8BF-446C-4F77-8B42-3F4FB8F8978E}.Debug|Any CPU.Build.0 = Debug|Any CPU
		{45A0F8BF-446C-4F77-8B42-3F4FB8F8978E}.Release|Any CPU.ActiveCfg = Release|Any CPU
		{45A0F8BF-446C-4F77-8B42-3F4FB8F8978E}.Release|Any CPU.Build.0 = Release|Any CPU
		{E4AE28CF-C6CA-4EBE-9C71-0519CB64EDDE}.Debug|Any CPU.ActiveCfg = Debug|Any CPU
		{E4AE28CF-C6CA-4EBE-9C71-0519CB64EDDE}.Debug|Any CPU.Build.0 = Debug|Any CPU
		{E4AE28CF-C6CA-4EBE-9C71-0519CB64EDDE}.Release|Any CPU.ActiveCfg = Release|Any CPU
		{E4AE28CF-C6CA-4EBE-9C71-0519CB64EDDE}.Release|Any CPU.Build.0 = Release|Any CPU
		{0B0C55E8-8BD7-4FC3-8BC9-E905F69EA3B0}.Debug|Any CPU.ActiveCfg = Debug|Any CPU
		{0B0C55E8-8BD7-4FC3-8BC9-E905F69EA3B0}.Debug|Any CPU.Build.0 = Debug|Any CPU
		{0B0C55E8-8BD7-4FC3-8BC9-E905F69EA3B0}.Release|Any CPU.ActiveCfg = Release|Any CPU
		{0B0C55E8-8BD7-4FC3-8BC9-E905F69EA3B0}.Release|Any CPU.Build.0 = Release|Any CPU
		{68E3ADE6-2F99-4562-B9B2-E90212ED1EEE}.Debug|Any CPU.ActiveCfg = Debug|Any CPU
		{68E3ADE6-2F99-4562-B9B2-E90212ED1EEE}.Debug|Any CPU.Build.0 = Debug|Any CPU
		{68E3ADE6-2F99-4562-B9B2-E90212ED1EEE}.Release|Any CPU.ActiveCfg = Release|Any CPU
		{68E3ADE6-2F99-4562-B9B2-E90212ED1EEE}.Release|Any CPU.Build.0 = Release|Any CPU
		{75977815-4D00-485E-B259-6997D9F97334}.Debug|Any CPU.ActiveCfg = Debug|Any CPU
		{75977815-4D00-485E-B259-6997D9F97334}.Debug|Any CPU.Build.0 = Debug|Any CPU
		{75977815-4D00-485E-B259-6997D9F97334}.Release|Any CPU.ActiveCfg = Release|Any CPU
		{75977815-4D00-485E-B259-6997D9F97334}.Release|Any CPU.Build.0 = Release|Any CPU
		{AA37C2B7-552C-4653-B38B-0645C386044B}.Debug|Any CPU.ActiveCfg = Debug|Any CPU
		{AA37C2B7-552C-4653-B38B-0645C386044B}.Debug|Any CPU.Build.0 = Debug|Any CPU
		{AA37C2B7-552C-4653-B38B-0645C386044B}.Release|Any CPU.ActiveCfg = Release|Any CPU
		{AA37C2B7-552C-4653-B38B-0645C386044B}.Release|Any CPU.Build.0 = Release|Any CPU
		{9840A36D-DB8C-4357-BC13-F7A31BF583F2}.Debug|Any CPU.ActiveCfg = Debug|Any CPU
		{9840A36D-DB8C-4357-BC13-F7A31BF583F2}.Debug|Any CPU.Build.0 = Debug|Any CPU
		{9840A36D-DB8C-4357-BC13-F7A31BF583F2}.Release|Any CPU.ActiveCfg = Release|Any CPU
		{9840A36D-DB8C-4357-BC13-F7A31BF583F2}.Release|Any CPU.Build.0 = Release|Any CPU
	EndGlobalSection
	GlobalSection(SolutionProperties) = preSolution
		HideSolutionNode = FALSE
	EndGlobalSection
	GlobalSection(NestedProjects) = preSolution
		{51BD42C3-88A6-4497-9932-6DF6D72FC6AB} = {66586E66-5E06-4C47-A9A6-C8699E2C32D7}
		{EE793879-F8B5-47D2-BF2B-1D8873EFE316} = {66586E66-5E06-4C47-A9A6-C8699E2C32D7}
		{5C27D980-30E0-4426-B934-4AEA4C4758A7} = {EE793879-F8B5-47D2-BF2B-1D8873EFE316}
		{BA68C2A9-A160-4602-811A-0CF8F95E8E6B} = {5C27D980-30E0-4426-B934-4AEA4C4758A7}
		{E42FFEB2-9B4B-423F-85ED-9B630AC7AEF1} = {EE793879-F8B5-47D2-BF2B-1D8873EFE316}
		{0A206318-587E-4CAB-9D0A-BB77352E7C07} = {E42FFEB2-9B4B-423F-85ED-9B630AC7AEF1}
		{868BF3E5-17D9-494B-8576-65882D21E800} = {EE793879-F8B5-47D2-BF2B-1D8873EFE316}
		{E313509E-C5C8-428F-AFBC-5335F70B7B66} = {51BD42C3-88A6-4497-9932-6DF6D72FC6AB}
		{45A0F8BF-446C-4F77-8B42-3F4FB8F8978E} = {E313509E-C5C8-428F-AFBC-5335F70B7B66}
		{E4AE28CF-C6CA-4EBE-9C71-0519CB64EDDE} = {E313509E-C5C8-428F-AFBC-5335F70B7B66}
		{0B0C55E8-8BD7-4FC3-8BC9-E905F69EA3B0} = {E313509E-C5C8-428F-AFBC-5335F70B7B66}
		{E82ED88F-959E-41C7-8CBA-D77731C2B3E9} = {868BF3E5-17D9-494B-8576-65882D21E800}
		{C3F2D8CD-A1EF-4AE4-874B-4DCED70B9A44} = {868BF3E5-17D9-494B-8576-65882D21E800}
		{493D31EE-709B-49F5-8C7C-80A6D1A6201D} = {868BF3E5-17D9-494B-8576-65882D21E800}
		{68E3ADE6-2F99-4562-B9B2-E90212ED1EEE} = {E82ED88F-959E-41C7-8CBA-D77731C2B3E9}
		{75977815-4D00-485E-B259-6997D9F97334} = {E82ED88F-959E-41C7-8CBA-D77731C2B3E9}
		{AA37C2B7-552C-4653-B38B-0645C386044B} = {C3F2D8CD-A1EF-4AE4-874B-4DCED70B9A44}
		{9840A36D-DB8C-4357-BC13-F7A31BF583F2} = {493D31EE-709B-49F5-8C7C-80A6D1A6201D}
	EndGlobalSection
	GlobalSection(ExtensibilityGlobals) = postSolution
		SolutionGuid = {5A6D8296-EA7F-4131-9EDC-94822A0E36A4}
	EndGlobalSection
EndGlobal
