
Microsoft Visual Studio Solution File, Format Version 12.00
# Visual Studio Version 17
VisualStudioVersion = 17.0.31903.59
MinimumVisualStudioVersion = 10.0.40219.1
Project("{2150E333-8FDC-42A3-9474-1A3956D46DE8}") = "Src", "Src", "{66586E66-5E06-4C47-A9A6-C8699E2C32D7}"
EndProject
Project("{2150E333-8FDC-42A3-9474-1A3956D46DE8}") = "BuildingBlocks", "BuildingBlocks", "{51BD42C3-88A6-4497-9932-6DF6D72FC6AB}"
EndProject
Project("{2150E333-8FDC-42A3-9474-1A3956D46DE8}") = "Services", "Services", "{EE793879-F8B5-47D2-BF2B-1D8873EFE316}"
EndProject
Project("{2150E333-8FDC-42A3-9474-1A3956D46DE8}") = "IdentityService", "IdentityService", "{5C27D980-30E0-4426-B934-4AEA4C4758A7}"
EndProject
Project("{9A19103F-16F7-4668-BE54-9A1E7A4F7556}") = "IdentityService", "Src\Services\IdentityService\IdentityService\IdentityService.csproj", "{BA68C2A9-A160-4602-811A-0CF8F95E8E6B}"
EndProject
Project("{2150E333-8FDC-42A3-9474-1A3956D46DE8}") = "BasketService", "BasketService", "{E42FFEB2-9B4B-423F-85ED-9B630AC7AEF1}"
EndProject
Project("{9A19103F-16F7-4668-BE54-9A1E7A4F7556}") = "BasketService", "Src\Services\BasketService\BasketService\BasketService.csproj", "{0A206318-587E-4CAB-9D0A-BB77352E7C07}"
EndProject
Project("{2150E333-8FDC-42A3-9474-1A3956D46DE8}") = "ProductService", "ProductService", "{868BF3E5-17D9-494B-8576-65882D21E800}"
EndProject
Project("{2150E333-8FDC-42A3-9474-1A3956D46DE8}") = "EventBus", "EventBus", "{E313509E-C5C8-428F-AFBC-5335F70B7B66}"
EndProject
Project("{9A19103F-16F7-4668-BE54-9A1E7A4F7556}") = "EventBus.Base", "Src\BuildingBlocks\EventBus\EventBus.Base\EventBus.Base.csproj", "{45A0F8BF-446C-4F77-8B42-3F4FB8F8978E}"
EndProject
Project("{9A19103F-16F7-4668-BE54-9A1E7A4F7556}") = "EventBus.Manager", "Src\BuildingBlocks\EventBus\EventBus.Manager\EventBus.Manager.csproj", "{E4AE28CF-C6CA-4EBE-9C71-0519CB64EDDE}"
EndProject
Project("{9A19103F-16F7-4668-BE54-9A1E7A4F7556}") = "Product.Api", "Src\Services\ProductService\ProductPresentation\Product.Api\Product.Api.csproj", "{91D76388-67FD-4A80-9DC1-0D07CEAB7DA1}"
EndProject
Project("{9A19103F-16F7-4668-BE54-9A1E7A4F7556}") = "Product.Application", "Src\Services\ProductService\ProductApplication\Product.Application\Product.Application.csproj", "{D2468649-258D-4EC7-93CF-F8A26A41FF6C}"
EndProject
Project("{9A19103F-16F7-4668-BE54-9A1E7A4F7556}") = "Product.Domain", "Src\Services\ProductService\ProductDomain\Product.Domain\Product.Domain.csproj", "{C0D98A19-B367-40EB-89F9-BCC2E9344BC5}"
EndProject
Project("{9A19103F-16F7-4668-BE54-9A1E7A4F7556}") = "Product.Infrastructure", "Src\Services\ProductService\ProductInfrastructure\Product.Infrastructure\Product.Infrastructure.csproj", "{B378EBBD-86C3-46B0-8B7C-741C3C8A5069}"
EndProject
Project("{9A19103F-16F7-4668-BE54-9A1E7A4F7556}") = "Product.Persistence", "Src\Services\ProductService\ProductPersistence\Product.Persistence\Product.Persistence.csproj", "{4FAD94FA-D36C-41E8-BBF7-FEC2CB4C3191}"
EndProject
Project("{FAE04EC0-301F-11D3-BF4B-00C04F79EFBC}") = "EventBus.RabbitMq", "Src\BuildingBlocks\EventBus\EventBus.RabbitMQ\EventBus.RabbitMq\EventBus.RabbitMq.csproj", "{0B0C55E8-8BD7-4FC3-8BC9-E905F69EA3B0}"
EndProject
Global
	GlobalSection(SolutionConfigurationPlatforms) = preSolution
		Debug|Any CPU = Debug|Any CPU
		Release|Any CPU = Release|Any CPU
	EndGlobalSection
	GlobalSection(ProjectConfigurationPlatforms) = postSolution
		{BA68C2A9-A160-4602-811A-0CF8F95E8E6B}.Debug|Any CPU.ActiveCfg = Debug|Any CPU
		{BA68C2A9-A160-4602-811A-0CF8F95E8E6B}.Debug|Any CPU.Build.0 = Debug|Any CPU
		{BA68C2A9-A160-4602-811A-0CF8F95E8E6B}.Release|Any CPU.ActiveCfg = Release|Any CPU
		{BA68C2A9-A160-4602-811A-0CF8F95E8E6B}.Release|Any CPU.Build.0 = Release|Any CPU
		{0A206318-587E-4CAB-9D0A-BB77352E7C07}.Debug|Any CPU.ActiveCfg = Debug|Any CPU
		{0A206318-587E-4CAB-9D0A-BB77352E7C07}.Debug|Any CPU.Build.0 = Debug|Any CPU
		{0A206318-587E-4CAB-9D0A-BB77352E7C07}.Release|Any CPU.ActiveCfg = Release|Any CPU
		{0A206318-587E-4CAB-9D0A-BB77352E7C07}.Release|Any CPU.Build.0 = Release|Any CPU
		{45A0F8BF-446C-4F77-8B42-3F4FB8F8978E}.Debug|Any CPU.ActiveCfg = Debug|Any CPU
		{45A0F8BF-446C-4F77-8B42-3F4FB8F8978E}.Debug|Any CPU.Build.0 = Debug|Any CPU
		{45A0F8BF-446C-4F77-8B42-3F4FB8F8978E}.Release|Any CPU.ActiveCfg = Release|Any CPU
		{45A0F8BF-446C-4F77-8B42-3F4FB8F8978E}.Release|Any CPU.Build.0 = Release|Any CPU
		{E4AE28CF-C6CA-4EBE-9C71-0519CB64EDDE}.Debug|Any CPU.ActiveCfg = Debug|Any CPU
		{E4AE28CF-C6CA-4EBE-9C71-0519CB64EDDE}.Debug|Any CPU.Build.0 = Debug|Any CPU
		{E4AE28CF-C6CA-4EBE-9C71-0519CB64EDDE}.Release|Any CPU.ActiveCfg = Release|Any CPU
		{E4AE28CF-C6CA-4EBE-9C71-0519CB64EDDE}.Release|Any CPU.Build.0 = Release|Any CPU
		{91D76388-67FD-4A80-9DC1-0D07CEAB7DA1}.Debug|Any CPU.ActiveCfg = Debug|Any CPU
		{91D76388-67FD-4A80-9DC1-0D07CEAB7DA1}.Debug|Any CPU.Build.0 = Debug|Any CPU
		{91D76388-67FD-4A80-9DC1-0D07CEAB7DA1}.Release|Any CPU.ActiveCfg = Release|Any CPU
		{91D76388-67FD-4A80-9DC1-0D07CEAB7DA1}.Release|Any CPU.Build.0 = Release|Any CPU
		{D2468649-258D-4EC7-93CF-F8A26A41FF6C}.Debug|Any CPU.ActiveCfg = Debug|Any CPU
		{D2468649-258D-4EC7-93CF-F8A26A41FF6C}.Debug|Any CPU.Build.0 = Debug|Any CPU
		{D2468649-258D-4EC7-93CF-F8A26A41FF6C}.Release|Any CPU.ActiveCfg = Release|Any CPU
		{D2468649-258D-4EC7-93CF-F8A26A41FF6C}.Release|Any CPU.Build.0 = Release|Any CPU
		{C0D98A19-B367-40EB-89F9-BCC2E9344BC5}.Debug|Any CPU.ActiveCfg = Debug|Any CPU
		{C0D98A19-B367-40EB-89F9-BCC2E9344BC5}.Debug|Any CPU.Build.0 = Debug|Any CPU
		{C0D98A19-B367-40EB-89F9-BCC2E9344BC5}.Release|Any CPU.ActiveCfg = Release|Any CPU
		{C0D98A19-B367-40EB-89F9-BCC2E9344BC5}.Release|Any CPU.Build.0 = Release|Any CPU
		{B378EBBD-86C3-46B0-8B7C-741C3C8A5069}.Debug|Any CPU.ActiveCfg = Debug|Any CPU
		{B378EBBD-86C3-46B0-8B7C-741C3C8A5069}.Debug|Any CPU.Build.0 = Debug|Any CPU
		{B378EBBD-86C3-46B0-8B7C-741C3C8A5069}.Release|Any CPU.ActiveCfg = Release|Any CPU
		{B378EBBD-86C3-46B0-8B7C-741C3C8A5069}.Release|Any CPU.Build.0 = Release|Any CPU
		{4FAD94FA-D36C-41E8-BBF7-FEC2CB4C3191}.Debug|Any CPU.ActiveCfg = Debug|Any CPU
		{4FAD94FA-D36C-41E8-BBF7-FEC2CB4C3191}.Debug|Any CPU.Build.0 = Debug|Any CPU
		{4FAD94FA-D36C-41E8-BBF7-FEC2CB4C3191}.Release|Any CPU.ActiveCfg = Release|Any CPU
		{4FAD94FA-D36C-41E8-BBF7-FEC2CB4C3191}.Release|Any CPU.Build.0 = Release|Any CPU
		{0B0C55E8-8BD7-4FC3-8BC9-E905F69EA3B0}.Debug|Any CPU.ActiveCfg = Debug|Any CPU
		{0B0C55E8-8BD7-4FC3-8BC9-E905F69EA3B0}.Debug|Any CPU.Build.0 = Debug|Any CPU
		{0B0C55E8-8BD7-4FC3-8BC9-E905F69EA3B0}.Release|Any CPU.ActiveCfg = Release|Any CPU
		{0B0C55E8-8BD7-4FC3-8BC9-E905F69EA3B0}.Release|Any CPU.Build.0 = Release|Any CPU
	EndGlobalSection
	GlobalSection(SolutionProperties) = preSolution
		HideSolutionNode = FALSE
	EndGlobalSection
	GlobalSection(NestedProjects) = preSolution
		{51BD42C3-88A6-4497-9932-6DF6D72FC6AB} = {66586E66-5E06-4C47-A9A6-C8699E2C32D7}
		{EE793879-F8B5-47D2-BF2B-1D8873EFE316} = {66586E66-5E06-4C47-A9A6-C8699E2C32D7}
		{5C27D980-30E0-4426-B934-4AEA4C4758A7} = {EE793879-F8B5-47D2-BF2B-1D8873EFE316}
		{BA68C2A9-A160-4602-811A-0CF8F95E8E6B} = {5C27D980-30E0-4426-B934-4AEA4C4758A7}
		{E42FFEB2-9B4B-423F-85ED-9B630AC7AEF1} = {EE793879-F8B5-47D2-BF2B-1D8873EFE316}
		{0A206318-587E-4CAB-9D0A-BB77352E7C07} = {E42FFEB2-9B4B-423F-85ED-9B630AC7AEF1}
		{868BF3E5-17D9-494B-8576-65882D21E800} = {EE793879-F8B5-47D2-BF2B-1D8873EFE316}
		{E313509E-C5C8-428F-AFBC-5335F70B7B66} = {51BD42C3-88A6-4497-9932-6DF6D72FC6AB}
		{45A0F8BF-446C-4F77-8B42-3F4FB8F8978E} = {E313509E-C5C8-428F-AFBC-5335F70B7B66}
		{E4AE28CF-C6CA-4EBE-9C71-0519CB64EDDE} = {E313509E-C5C8-428F-AFBC-5335F70B7B66}
		{91D76388-67FD-4A80-9DC1-0D07CEAB7DA1} = {868BF3E5-17D9-494B-8576-65882D21E800}
		{D2468649-258D-4EC7-93CF-F8A26A41FF6C} = {868BF3E5-17D9-494B-8576-65882D21E800}
		{C0D98A19-B367-40EB-89F9-BCC2E9344BC5} = {868BF3E5-17D9-494B-8576-65882D21E800}
		{B378EBBD-86C3-46B0-8B7C-741C3C8A5069} = {868BF3E5-17D9-494B-8576-65882D21E800}
		{4FAD94FA-D36C-41E8-BBF7-FEC2CB4C3191} = {868BF3E5-17D9-494B-8576-65882D21E800}
		{0B0C55E8-8BD7-4FC3-8BC9-E905F69EA3B0} = {E313509E-C5C8-428F-AFBC-5335F70B7B66}
	EndGlobalSection
	GlobalSection(ExtensibilityGlobals) = postSolution
		SolutionGuid = {5A6D8296-EA7F-4131-9EDC-94822A0E36A4}
	EndGlobalSection
EndGlobal
